// !$*UTF8*$!
{
	archiveVersion = 1;
	classes = {
	};
	objectVersion = 77;
	objects = {

/* Begin PBXBuildFile section */
		05FAE46B6CE2DB17EAB037A4 /* LoginItemService.swift in Sources */ = {isa = PBXBuildFile; fileRef = 34A0BCE1910BB558ED9C82D8 /* LoginItemService.swift */; };
		0C383B38114059B25D399365 /* HomeViewRenderingTests.swift in Sources */ = {isa = PBXBuildFile; fileRef = F6D8CE154204D50F7F604EA7 /* HomeViewRenderingTests.swift */; };
		1B3A9C5B59FAFE1527DD6128 /* UsageController.swift in Sources */ = {isa = PBXBuildFile; fileRef = 5763D22FF29A87447FD82E62 /* UsageController.swift */; };
		1BE60A027FF7E01300C38221 /* THIRD_PARTY_NOTICES.md in Resources */ = {isa = PBXBuildFile; fileRef = 2EE9BB373C63BB81C8BD7906 /* THIRD_PARTY_NOTICES.md */; };
		24E16A2A520AF859941E39E8 /* PopoverPageController.swift in Sources */ = {isa = PBXBuildFile; fileRef = F69D4C870D63B26C2433BCB4 /* PopoverPageController.swift */; };
		3ADA9E9BB62E2F868A936DC4 /* HomeView.swift in Sources */ = {isa = PBXBuildFile; fileRef = C0D1390EE653F2D9B57F24AA /* HomeView.swift */; };
		4598BC1202B93684E58A0DDA /* UsageView.swift in Sources */ = {isa = PBXBuildFile; fileRef = B8BCCC91F953A8FF437E4BBA /* UsageView.swift */; };
		4A3779C2CB4D487729AB784A /* CodexAppServerTransport.swift in Sources */ = {isa = PBXBuildFile; fileRef = C278C9EFD158EEE6E7C50B92 /* CodexAppServerTransport.swift */; };
		6116F768A78F36250C2AC8C1 /* AIStatusSummary.swift in Sources */ = {isa = PBXBuildFile; fileRef = 713E8909A7BD912071712C5E /* AIStatusSummary.swift */; };
		631450CCD9342AB98DBC225E /* VIPProvider.swift in Sources */ = {isa = PBXBuildFile; fileRef = 84E9A7F3F6DE36F13930B307 /* VIPProvider.swift */; };
		66CAE67A523CE15785F80E19 /* SecretStore.swift in Sources */ = {isa = PBXBuildFile; fileRef = 46F164972943AB9CCA0C495A /* SecretStore.swift */; };
		6F7BDB9101FAE05E50004C43 /* PopoverHoverController.swift in Sources */ = {isa = PBXBuildFile; fileRef = 281A772B09CA86AEA477DB58 /* PopoverHoverController.swift */; };
		715C7B88CFE0C9B3DDB927B9 /* CodexProvider.swift in Sources */ = {isa = PBXBuildFile; fileRef = D3D6D74D06E7A1FA2711BE28 /* CodexProvider.swift */; };
		740B0BDB4D56172573B7C6D6 /* UsageSnapshot.swift in Sources */ = {isa = PBXBuildFile; fileRef = DC42DE6ECC84C14DD23F94F2 /* UsageSnapshot.swift */; };
		77505DE63A22592DA6B881BC /* PulseMain.swift in Sources */ = {isa = PBXBuildFile; fileRef = 6CBA39302CF835124B8AEF19 /* PulseMain.swift */; };
		78C6122344747E555A5DF17A /* SettingsView.swift in Sources */ = {isa = PBXBuildFile; fileRef = D0AE5E25194558D68B33915D /* SettingsView.swift */; };
		94B880F789FC10F3C8FD7AE2 /* PopoverPageControllerTests.swift in Sources */ = {isa = PBXBuildFile; fileRef = 9C97740D0274E93D479A5EC8 /* PopoverPageControllerTests.swift */; };
		9BC3BCEEE74FBA45F80F421B /* TasksView.swift in Sources */ = {isa = PBXBuildFile; fileRef = 6B0B70F343CCFB86ABADB8C9 /* TasksView.swift */; };
		9D9FE44395812CDEE6AFDBBA /* CodexColorIcon.png in Resources */ = {isa = PBXBuildFile; fileRef = F2A0A8DFBF3B7B1C314D8AEB /* CodexColorIcon.png */; };
		A3783F8905D5253B8A9BAAF4 /* CodexUsageTests.swift in Sources */ = {isa = PBXBuildFile; fileRef = 8D549FC743240543EAF1AF1D /* CodexUsageTests.swift */; };
		A8FAAF4961A15FBBA7DE7AEE /* VIPUsageTests.swift in Sources */ = {isa = PBXBuildFile; fileRef = AA5304F589667B9760522B5D /* VIPUsageTests.swift */; };
		A93E36A532A840A2C14E8460 /* CodexMenuIcon.png in Resources */ = {isa = PBXBuildFile; fileRef = 30537DAF9D368A9F86E8519D /* CodexMenuIcon.png */; };
		B415DCE4C64CCFE45FDE4734 /* PulseSection.swift in Sources */ = {isa = PBXBuildFile; fileRef = 08B3677511248F21F5214EC7 /* PulseSection.swift */; };
		B5E5FCABA3E15E4DA7FF07F1 /* VIPConfiguration.swift in Sources */ = {isa = PBXBuildFile; fileRef = 5823C23B8E4F0D4F7DA8E7A9 /* VIPConfiguration.swift */; };
		B8582403C42BA9100A1F3653 /* AppConfig.swift in Sources */ = {isa = PBXBuildFile; fileRef = DE685F7EE3DC1774AF1A117C /* AppConfig.swift */; };
		B86308E401912B97D7DC7580 /* VIPStatusSummary.swift in Sources */ = {isa = PBXBuildFile; fileRef = CF50DC8A711AB126591F56DA /* VIPStatusSummary.swift */; };
		C50F59AEDCE8E1F95D2EC428 /* PulseAppDelegate.swift in Sources */ = {isa = PBXBuildFile; fileRef = 4A965B055E0C77604352A1B2 /* PulseAppDelegate.swift */; };
		D801D10EF41A0B7F3C86C99A /* AppConfigTests.swift in Sources */ = {isa = PBXBuildFile; fileRef = DBF51429D3A090E60FA1A9DE /* AppConfigTests.swift */; };
		DB042EEBE631A96D5A209658 /* CodexProviderIcon.swift in Sources */ = {isa = PBXBuildFile; fileRef = 5F293341995B6DF958E21987 /* CodexProviderIcon.swift */; };
		DEB5B3FDB91867F1AC2C3E70 /* PopoverHoverControllerTests.swift in Sources */ = {isa = PBXBuildFile; fileRef = 042EECB94368AEA980440D75 /* PopoverHoverControllerTests.swift */; };
		FAA3C692F56898992578FFF8 /* VIPProviderIcon.swift in Sources */ = {isa = PBXBuildFile; fileRef = 5FB59F65E0164FAEC859576B /* VIPProviderIcon.swift */; };
/* End PBXBuildFile section */

/* Begin PBXContainerItemProxy section */
		EE9EFEEC20EB618CA7451ADB /* PBXContainerItemProxy */ = {
			isa = PBXContainerItemProxy;
			containerPortal = 84FEC84833EC6BF77563A3F6 /* Project object */;
			proxyType = 1;
			remoteGlobalIDString = CF79B1BAD3D70F54153FE0B3;
			remoteInfo = Pulse;
		};
/* End PBXContainerItemProxy section */

/* Begin PBXFileReference section */
		042EECB94368AEA980440D75 /* PopoverHoverControllerTests.swift */ = {isa = PBXFileReference; lastKnownFileType = sourcecode.swift; path = PopoverHoverControllerTests.swift; sourceTree = "<group>"; };
		08B3677511248F21F5214EC7 /* PulseSection.swift */ = {isa = PBXFileReference; lastKnownFileType = sourcecode.swift; path = PulseSection.swift; sourceTree = "<group>"; };
		13FEF2D2118D74C3572DF349 /* Pulse.app */ = {isa = PBXFileReference; explicitFileType = wrapper.application; includeInIndex = 0; path = Pulse.app; sourceTree = BUILT_PRODUCTS_DIR; };
		281A772B09CA86AEA477DB58 /* PopoverHoverController.swift */ = {isa = PBXFileReference; lastKnownFileType = sourcecode.swift; path = PopoverHoverController.swift; sourceTree = "<group>"; };
		2EE9BB373C63BB81C8BD7906 /* THIRD_PARTY_NOTICES.md */ = {isa = PBXFileReference; lastKnownFileType = net.daringfireball.markdown; path = THIRD_PARTY_NOTICES.md; sourceTree = "<group>"; };
		30537DAF9D368A9F86E8519D /* CodexMenuIcon.png */ = {isa = PBXFileReference; lastKnownFileType = image.png; path = CodexMenuIcon.png; sourceTree = "<group>"; };
		34A0BCE1910BB558ED9C82D8 /* LoginItemService.swift */ = {isa = PBXFileReference; lastKnownFileType = sourcecode.swift; path = LoginItemService.swift; sourceTree = "<group>"; };
		46F164972943AB9CCA0C495A /* SecretStore.swift */ = {isa = PBXFileReference; lastKnownFileType = sourcecode.swift; path = SecretStore.swift; sourceTree = "<group>"; };
		4A965B055E0C77604352A1B2 /* PulseAppDelegate.swift */ = {isa = PBXFileReference; lastKnownFileType = sourcecode.swift; path = PulseAppDelegate.swift; sourceTree = "<group>"; };
		4FBA30D234A433E58E16508B /* PulseTests.xctest */ = {isa = PBXFileReference; explicitFileType = wrapper.cfbundle; includeInIndex = 0; path = PulseTests.xctest; sourceTree = BUILT_PRODUCTS_DIR; };
		5763D22FF29A87447FD82E62 /* UsageController.swift */ = {isa = PBXFileReference; lastKnownFileType = sourcecode.swift; path = UsageController.swift; sourceTree = "<group>"; };
		5823C23B8E4F0D4F7DA8E7A9 /* VIPConfiguration.swift */ = {isa = PBXFileReference; lastKnownFileType = sourcecode.swift; path = VIPConfiguration.swift; sourceTree = "<group>"; };
		5F293341995B6DF958E21987 /* CodexProviderIcon.swift */ = {isa = PBXFileReference; lastKnownFileType = sourcecode.swift; path = CodexProviderIcon.swift; sourceTree = "<group>"; };
		5FB59F65E0164FAEC859576B /* VIPProviderIcon.swift */ = {isa = PBXFileReference; lastKnownFileType = sourcecode.swift; path = VIPProviderIcon.swift; sourceTree = "<group>"; };
		6B0B70F343CCFB86ABADB8C9 /* TasksView.swift */ = {isa = PBXFileReference; lastKnownFileType = sourcecode.swift; path = TasksView.swift; sourceTree = "<group>"; };
		6CBA39302CF835124B8AEF19 /* PulseMain.swift */ = {isa = PBXFileReference; lastKnownFileType = sourcecode.swift; path = PulseMain.swift; sourceTree = "<group>"; };
		713E8909A7BD912071712C5E /* AIStatusSummary.swift */ = {isa = PBXFileReference; lastKnownFileType = sourcecode.swift; path = AIStatusSummary.swift; sourceTree = "<group>"; };
		84E9A7F3F6DE36F13930B307 /* VIPProvider.swift */ = {isa = PBXFileReference; lastKnownFileType = sourcecode.swift; path = VIPProvider.swift; sourceTree = "<group>"; };
		8D549FC743240543EAF1AF1D /* CodexUsageTests.swift */ = {isa = PBXFileReference; lastKnownFileType = sourcecode.swift; path = CodexUsageTests.swift; sourceTree = "<group>"; };
		9C97740D0274E93D479A5EC8 /* PopoverPageControllerTests.swift */ = {isa = PBXFileReference; lastKnownFileType = sourcecode.swift; path = PopoverPageControllerTests.swift; sourceTree = "<group>"; };
		AA5304F589667B9760522B5D /* VIPUsageTests.swift */ = {isa = PBXFileReference; lastKnownFileType = sourcecode.swift; path = VIPUsageTests.swift; sourceTree = "<group>"; };
		B8BCCC91F953A8FF437E4BBA /* UsageView.swift */ = {isa = PBXFileReference; lastKnownFileType = sourcecode.swift; path = UsageView.swift; sourceTree = "<group>"; };
		C0D1390EE653F2D9B57F24AA /* HomeView.swift */ = {isa = PBXFileReference; lastKnownFileType = sourcecode.swift; path = HomeView.swift; sourceTree = "<group>"; };
		C278C9EFD158EEE6E7C50B92 /* CodexAppServerTransport.swift */ = {isa = PBXFileReference; lastKnownFileType = sourcecode.swift; path = CodexAppServerTransport.swift; sourceTree = "<group>"; };
		CF50DC8A711AB126591F56DA /* VIPStatusSummary.swift */ = {isa = PBXFileReference; lastKnownFileType = sourcecode.swift; path = VIPStatusSummary.swift; sourceTree = "<group>"; };
		D0AE5E25194558D68B33915D /* SettingsView.swift */ = {isa = PBXFileReference; lastKnownFileType = sourcecode.swift; path = SettingsView.swift; sourceTree = "<group>"; };
		D3D6D74D06E7A1FA2711BE28 /* CodexProvider.swift */ = {isa = PBXFileReference; lastKnownFileType = sourcecode.swift; path = CodexProvider.swift; sourceTree = "<group>"; };
		DBF51429D3A090E60FA1A9DE /* AppConfigTests.swift */ = {isa = PBXFileReference; lastKnownFileType = sourcecode.swift; path = AppConfigTests.swift; sourceTree = "<group>"; };
		DC42DE6ECC84C14DD23F94F2 /* UsageSnapshot.swift */ = {isa = PBXFileReference; lastKnownFileType = sourcecode.swift; path = UsageSnapshot.swift; sourceTree = "<group>"; };
		DE685F7EE3DC1774AF1A117C /* AppConfig.swift */ = {isa = PBXFileReference; lastKnownFileType = sourcecode.swift; path = AppConfig.swift; sourceTree = "<group>"; };
		F2A0A8DFBF3B7B1C314D8AEB /* CodexColorIcon.png */ = {isa = PBXFileReference; lastKnownFileType = image.png; path = CodexColorIcon.png; sourceTree = "<group>"; };
		F69D4C870D63B26C2433BCB4 /* PopoverPageController.swift */ = {isa = PBXFileReference; lastKnownFileType = sourcecode.swift; path = PopoverPageController.swift; sourceTree = "<group>"; };
		F6D8CE154204D50F7F604EA7 /* HomeViewRenderingTests.swift */ = {isa = PBXFileReference; lastKnownFileType = sourcecode.swift; path = HomeViewRenderingTests.swift; sourceTree = "<group>"; };
/* End PBXFileReference section */

/* Begin PBXGroup section */
		0DBDBE9D62FC59B0A976D043 /* Core */ = {
			isa = PBXGroup;
			children = (
				DE685F7EE3DC1774AF1A117C /* AppConfig.swift */,
				34A0BCE1910BB558ED9C82D8 /* LoginItemService.swift */,
				46F164972943AB9CCA0C495A /* SecretStore.swift */,
				5823C23B8E4F0D4F7DA8E7A9 /* VIPConfiguration.swift */,
				C25E5FD084B360E1BCF08C27 /* Usage */,
			);
			path = Core;
			sourceTree = "<group>";
		};
		16C8605271C6A45188D07E13 /* Pulse */ = {
			isa = PBXGroup;
			children = (
				38F29541A06B8A159C0EFF06 /* App */,
				0DBDBE9D62FC59B0A976D043 /* Core */,
				6BBC8380317D62458772FCFE /* Features */,
				F7EE12501EB7201D317BF279 /* Resources */,
				1BBA6FCCC1FA176AD6D36324 /* UI */,
			);
			path = Pulse;
			sourceTree = "<group>";
		};
		18CE619F6396E21694856648 /* Usage */ = {
			isa = PBXGroup;
			children = (
				B8BCCC91F953A8FF437E4BBA /* UsageView.swift */,
				FD1A4063B8C49DABDC6ECAD5 /* Providers */,
			);
			path = Usage;
			sourceTree = "<group>";
		};
		1BBA6FCCC1FA176AD6D36324 /* UI */ = {
			isa = PBXGroup;
			children = (
				5F293341995B6DF958E21987 /* CodexProviderIcon.swift */,
				08B3677511248F21F5214EC7 /* PulseSection.swift */,
				5FB59F65E0164FAEC859576B /* VIPProviderIcon.swift */,
			);
			path = UI;
			sourceTree = "<group>";
		};
		1D7AD98EA52483CBC8A73D48 /* Tasks */ = {
			isa = PBXGroup;
			children = (
				6B0B70F343CCFB86ABADB8C9 /* TasksView.swift */,
			);
			path = Tasks;
			sourceTree = "<group>";
		};
		1FEE830988994786371D8E45 /* Products */ = {
			isa = PBXGroup;
			children = (
				13FEF2D2118D74C3572DF349 /* Pulse.app */,
				4FBA30D234A433E58E16508B /* PulseTests.xctest */,
			);
			name = Products;
			sourceTree = "<group>";
		};
		38F29541A06B8A159C0EFF06 /* App */ = {
			isa = PBXGroup;
			children = (
				281A772B09CA86AEA477DB58 /* PopoverHoverController.swift */,
				F69D4C870D63B26C2433BCB4 /* PopoverPageController.swift */,
				4A965B055E0C77604352A1B2 /* PulseAppDelegate.swift */,
				6CBA39302CF835124B8AEF19 /* PulseMain.swift */,
			);
			path = App;
			sourceTree = "<group>";
		};
		6BBC8380317D62458772FCFE /* Features */ = {
			isa = PBXGroup;
			children = (
				EB05EB971523B38E8F3FCE6A /* Home */,
				8A7C294BFB009278CD23B2A9 /* Settings */,
				1D7AD98EA52483CBC8A73D48 /* Tasks */,
				18CE619F6396E21694856648 /* Usage */,
			);
			path = Features;
			sourceTree = "<group>";
		};
		7A87E3B4AE2E59047EFB8F61 = {
			isa = PBXGroup;
			children = (
				2EE9BB373C63BB81C8BD7906 /* THIRD_PARTY_NOTICES.md */,
				16C8605271C6A45188D07E13 /* Pulse */,
				FCB0E6001B954CCA450AA55C /* PulseTests */,
				1FEE830988994786371D8E45 /* Products */,
			);
			sourceTree = "<group>";
		};
		8A7C294BFB009278CD23B2A9 /* Settings */ = {
			isa = PBXGroup;
			children = (
				D0AE5E25194558D68B33915D /* SettingsView.swift */,
			);
			path = Settings;
			sourceTree = "<group>";
		};
		C25E5FD084B360E1BCF08C27 /* Usage */ = {
			isa = PBXGroup;
			children = (
				5763D22FF29A87447FD82E62 /* UsageController.swift */,
				DC42DE6ECC84C14DD23F94F2 /* UsageSnapshot.swift */,
			);
			path = Usage;
			sourceTree = "<group>";
		};
		EB05EB971523B38E8F3FCE6A /* Home */ = {
			isa = PBXGroup;
			children = (
				713E8909A7BD912071712C5E /* AIStatusSummary.swift */,
				C0D1390EE653F2D9B57F24AA /* HomeView.swift */,
				CF50DC8A711AB126591F56DA /* VIPStatusSummary.swift */,
			);
			path = Home;
			sourceTree = "<group>";
		};
		F7EE12501EB7201D317BF279 /* Resources */ = {
			isa = PBXGroup;
			children = (
				F2A0A8DFBF3B7B1C314D8AEB /* CodexColorIcon.png */,
				30537DAF9D368A9F86E8519D /* CodexMenuIcon.png */,
			);
			path = Resources;
			sourceTree = "<group>";
		};
		FCB0E6001B954CCA450AA55C /* PulseTests */ = {
			isa = PBXGroup;
			children = (
				DBF51429D3A090E60FA1A9DE /* AppConfigTests.swift */,
				8D549FC743240543EAF1AF1D /* CodexUsageTests.swift */,
				F6D8CE154204D50F7F604EA7 /* HomeViewRenderingTests.swift */,
				042EECB94368AEA980440D75 /* PopoverHoverControllerTests.swift */,
				9C97740D0274E93D479A5EC8 /* PopoverPageControllerTests.swift */,
				AA5304F589667B9760522B5D /* VIPUsageTests.swift */,
			);
			name = PulseTests;
			path = Tests/PulseTests;
			sourceTree = "<group>";
		};
		FD1A4063B8C49DABDC6ECAD5 /* Providers */ = {
			isa = PBXGroup;
			children = (
				C278C9EFD158EEE6E7C50B92 /* CodexAppServerTransport.swift */,
				D3D6D74D06E7A1FA2711BE28 /* CodexProvider.swift */,
				84E9A7F3F6DE36F13930B307 /* VIPProvider.swift */,
			);
			path = Providers;
			sourceTree = "<group>";
		};
/* End PBXGroup section */

/* Begin PBXNativeTarget section */
		26CB5097CD9CC52FD2F253AB /* PulseTests */ = {
			isa = PBXNativeTarget;
			buildConfigurationList = F2F1EA2CB05C310F102D486E /* Build configuration list for PBXNativeTarget "PulseTests" */;
			buildPhases = (
				8B00C375CD98515701D2325C /* Sources */,
			);
			buildRules = (
			);
			dependencies = (
				43B12092B94F779018A5F285 /* PBXTargetDependency */,
			);
			name = PulseTests;
			packageProductDependencies = (
			);
			productName = PulseTests;
			productReference = 4FBA30D234A433E58E16508B /* PulseTests.xctest */;
			productType = "com.apple.product-type.bundle.unit-test";
		};
		CF79B1BAD3D70F54153FE0B3 /* Pulse */ = {
			isa = PBXNativeTarget;
			buildConfigurationList = 9608D96881FD5C17BB380FA0 /* Build configuration list for PBXNativeTarget "Pulse" */;
			buildPhases = (
				D70CFAE236269B6E146109F4 /* Sources */,
				606EBA1EB03BF3A2D7674713 /* Resources */,
			);
			buildRules = (
			);
			dependencies = (
			);
			name = Pulse;
			packageProductDependencies = (
			);
			productName = Pulse;
			productReference = 13FEF2D2118D74C3572DF349 /* Pulse.app */;
			productType = "com.apple.product-type.application";
		};
/* End PBXNativeTarget section */

/* Begin PBXProject section */
		84FEC84833EC6BF77563A3F6 /* Project object */ = {
			isa = PBXProject;
			attributes = {
				BuildIndependentTargetsInParallel = YES;
				LastUpgradeCheck = 1430;
				TargetAttributes = {
					CF79B1BAD3D70F54153FE0B3 = {
						ProvisioningStyle = Automatic;
					};
				};
			};
			buildConfigurationList = AEADBFB0BC46A63478A94A51 /* Build configuration list for PBXProject "Pulse" */;
			developmentRegion = en;
			hasScannedForEncodings = 0;
			knownRegions = (
				Base,
				en,
			);
			mainGroup = 7A87E3B4AE2E59047EFB8F61;
			minimizedProjectReferenceProxies = 1;
			preferredProjectObjectVersion = 77;
			productRefGroup = 1FEE830988994786371D8E45 /* Products */;
			projectDirPath = "";
			projectRoot = "";
			targets = (
				CF79B1BAD3D70F54153FE0B3 /* Pulse */,
				26CB5097CD9CC52FD2F253AB /* PulseTests */,
			);
		};
/* End PBXProject section */

/* Begin PBXResourcesBuildPhase section */
		606EBA1EB03BF3A2D7674713 /* Resources */ = {
			isa = PBXResourcesBuildPhase;
			buildActionMask = 2147483647;
			files = (
				9D9FE44395812CDEE6AFDBBA /* CodexColorIcon.png in Resources */,
				A93E36A532A840A2C14E8460 /* CodexMenuIcon.png in Resources */,
				1BE60A027FF7E01300C38221 /* THIRD_PARTY_NOTICES.md in Resources */,
			);
			runOnlyForDeploymentPostprocessing = 0;
		};
/* End PBXResourcesBuildPhase section */

/* Begin PBXSourcesBuildPhase section */
		8B00C375CD98515701D2325C /* Sources */ = {
			isa = PBXSourcesBuildPhase;
			buildActionMask = 2147483647;
			files = (
				D801D10EF41A0B7F3C86C99A /* AppConfigTests.swift in Sources */,
				A3783F8905D5253B8A9BAAF4 /* CodexUsageTests.swift in Sources */,
				0C383B38114059B25D399365 /* HomeViewRenderingTests.swift in Sources */,
				DEB5B3FDB91867F1AC2C3E70 /* PopoverHoverControllerTests.swift in Sources */,
				94B880F789FC10F3C8FD7AE2 /* PopoverPageControllerTests.swift in Sources */,
				A8FAAF4961A15FBBA7DE7AEE /* VIPUsageTests.swift in Sources */,
			);
			runOnlyForDeploymentPostprocessing = 0;
		};
		D70CFAE236269B6E146109F4 /* Sources */ = {
			isa = PBXSourcesBuildPhase;
			buildActionMask = 2147483647;
			files = (
				6116F768A78F36250C2AC8C1 /* AIStatusSummary.swift in Sources */,
				B8582403C42BA9100A1F3653 /* AppConfig.swift in Sources */,
				4A3779C2CB4D487729AB784A /* CodexAppServerTransport.swift in Sources */,
				715C7B88CFE0C9B3DDB927B9 /* CodexProvider.swift in Sources */,
				DB042EEBE631A96D5A209658 /* CodexProviderIcon.swift in Sources */,
				3ADA9E9BB62E2F868A936DC4 /* HomeView.swift in Sources */,
				05FAE46B6CE2DB17EAB037A4 /* LoginItemService.swift in Sources */,
				6F7BDB9101FAE05E50004C43 /* PopoverHoverController.swift in Sources */,
				24E16A2A520AF859941E39E8 /* PopoverPageController.swift in Sources */,
				C50F59AEDCE8E1F95D2EC428 /* PulseAppDelegate.swift in Sources */,
				77505DE63A22592DA6B881BC /* PulseMain.swift in Sources */,
				B415DCE4C64CCFE45FDE4734 /* PulseSection.swift in Sources */,
				66CAE67A523CE15785F80E19 /* SecretStore.swift in Sources */,
				78C6122344747E555A5DF17A /* SettingsView.swift in Sources */,
				9BC3BCEEE74FBA45F80F421B /* TasksView.swift in Sources */,
				1B3A9C5B59FAFE1527DD6128 /* UsageController.swift in Sources */,
				740B0BDB4D56172573B7C6D6 /* UsageSnapshot.swift in Sources */,
				4598BC1202B93684E58A0DDA /* UsageView.swift in Sources */,
				B5E5FCABA3E15E4DA7FF07F1 /* VIPConfiguration.swift in Sources */,
				631450CCD9342AB98DBC225E /* VIPProvider.swift in Sources */,
				FAA3C692F56898992578FFF8 /* VIPProviderIcon.swift in Sources */,
				B86308E401912B97D7DC7580 /* VIPStatusSummary.swift in Sources */,
			);
			runOnlyForDeploymentPostprocessing = 0;
		};
/* End PBXSourcesBuildPhase section */

/* Begin PBXTargetDependency section */
		43B12092B94F779018A5F285 /* PBXTargetDependency */ = {
			isa = PBXTargetDependency;
			target = CF79B1BAD3D70F54153FE0B3 /* Pulse */;
			targetProxy = EE9EFEEC20EB618CA7451ADB /* PBXContainerItemProxy */;
		};
/* End PBXTargetDependency section */

/* Begin XCBuildConfiguration section */
		2269555CAF74F95347158B33 /* Release */ = {
			isa = XCBuildConfiguration;
			buildSettings = {
				BUNDLE_LOADER = "$(TEST_HOST)";
				COMBINE_HIDPI_IMAGES = YES;
				GENERATE_INFOPLIST_FILE = YES;
				LD_RUNPATH_SEARCH_PATHS = (
					"$(inherited)",
					"@executable_path/../Frameworks",
					"@loader_path/../Frameworks",
				);
				PRODUCT_BUNDLE_IDENTIFIER = dev.zibochen.PulseTests;
				SDKROOT = macosx;
				TEST_HOST = "$(BUILT_PRODUCTS_DIR)/Pulse.app/Contents/MacOS/Pulse";
			};
			name = Release;
		};
		2E7048B1817FBF01C246A8F3 /* Release */ = {
			isa = XCBuildConfiguration;
			buildSettings = {
				ALWAYS_SEARCH_USER_PATHS = NO;
				CLANG_ANALYZER_NONNULL = YES;
				CLANG_ANALYZER_NUMBER_OBJECT_CONVERSION = YES_AGGRESSIVE;
				CLANG_CXX_LANGUAGE_STANDARD = "gnu++14";
				CLANG_CXX_LIBRARY = "libc++";
				CLANG_ENABLE_MODULES = YES;
				CLANG_ENABLE_OBJC_ARC = YES;
				CLANG_ENABLE_OBJC_WEAK = YES;
				CLANG_WARN_BLOCK_CAPTURE_AUTORELEASING = YES;
				CLANG_WARN_BOOL_CONVERSION = YES;
				CLANG_WARN_COMMA = YES;
				CLANG_WARN_CONSTANT_CONVERSION = YES;
				CLANG_WARN_DEPRECATED_OBJC_IMPLEMENTATIONS = YES;
				CLANG_WARN_DIRECT_OBJC_ISA_USAGE = YES_ERROR;
				CLANG_WARN_DOCUMENTATION_COMMENTS = YES;
				CLANG_WARN_EMPTY_BODY = YES;
				CLANG_WARN_ENUM_CONVERSION = YES;
				CLANG_WARN_INFINITE_RECURSION = YES;
				CLANG_WARN_INT_CONVERSION = YES;
				CLANG_WARN_NON_LITERAL_NULL_CONVERSION = YES;
				CLANG_WARN_OBJC_IMPLICIT_RETAIN_SELF = YES;
				CLANG_WARN_OBJC_LITERAL_CONVERSION = YES;
				CLANG_WARN_OBJC_ROOT_CLASS = YES_ERROR;
				CLANG_WARN_QUOTED_INCLUDE_IN_FRAMEWORK_HEADER = YES;
				CLANG_WARN_RANGE_LOOP_ANALYSIS = YES;
				CLANG_WARN_STRICT_PROTOTYPES = YES;
				CLANG_WARN_SUSPICIOUS_MOVE = YES;
				CLANG_WARN_UNGUARDED_AVAILABILITY = YES_AGGRESSIVE;
				CLANG_WARN_UNREACHABLE_CODE = YES;
				CLANG_WARN__DUPLICATE_METHOD_MATCH = YES;
				COPY_PHASE_STRIP = NO;
				DEBUG_INFORMATION_FORMAT = "dwarf-with-dsym";
				ENABLE_NS_ASSERTIONS = NO;
				ENABLE_STRICT_OBJC_MSGSEND = YES;
				GCC_C_LANGUAGE_STANDARD = gnu11;
				GCC_NO_COMMON_BLOCKS = YES;
				GCC_WARN_64_TO_32_BIT_CONVERSION = YES;
				GCC_WARN_ABOUT_RETURN_TYPE = YES_ERROR;
				GCC_WARN_UNDECLARED_SELECTOR = YES;
				GCC_WARN_UNINITIALIZED_AUTOS = YES_AGGRESSIVE;
				GCC_WARN_UNUSED_FUNCTION = YES;
				GCC_WARN_UNUSED_VARIABLE = YES;
				MACOSX_DEPLOYMENT_TARGET = 13.0;
				MTL_ENABLE_DEBUG_INFO = NO;
				MTL_FAST_MATH = YES;
				PRODUCT_NAME = "$(TARGET_NAME)";
				SDKROOT = macosx;
				SWIFT_COMPILATION_MODE = wholemodule;
				SWIFT_OPTIMIZATION_LEVEL = "-O";
				SWIFT_VERSION = 6.0;
			};
			name = Release;
		};
		78CFDB6D85EA0A925D164718 /* Debug */ = {
			isa = XCBuildConfiguration;
			buildSettings = {
				ASSETCATALOG_COMPILER_APPICON_NAME = AppIcon;
				CODE_SIGN_STYLE = Automatic;
				COMBINE_HIDPI_IMAGES = YES;
				GENERATE_INFOPLIST_FILE = YES;
				INFOPLIST_KEY_CFBundleDisplayName = Pulse;
				INFOPLIST_KEY_LSUIElement = YES;
				LD_RUNPATH_SEARCH_PATHS = (
					"$(inherited)",
					"@executable_path/../Frameworks",
				);
				PRODUCT_BUNDLE_IDENTIFIER = dev.zibochen.Pulse;
				SDKROOT = macosx;
			};
			name = Debug;
		};
		DF81B04A566426AD422B92B3 /* Release */ = {
			isa = XCBuildConfiguration;
			buildSettings = {
				ASSETCATALOG_COMPILER_APPICON_NAME = AppIcon;
				CODE_SIGN_STYLE = Automatic;
				COMBINE_HIDPI_IMAGES = YES;
				GENERATE_INFOPLIST_FILE = YES;
				INFOPLIST_KEY_CFBundleDisplayName = Pulse;
				INFOPLIST_KEY_LSUIElement = YES;
				LD_RUNPATH_SEARCH_PATHS = (
					"$(inherited)",
					"@executable_path/../Frameworks",
				);
				PRODUCT_BUNDLE_IDENTIFIER = dev.zibochen.Pulse;
				SDKROOT = macosx;
			};
			name = Release;
		};
		F4D6E71E3061EE0C8446C127 /* Debug */ = {
			isa = XCBuildConfiguration;
			buildSettings = {
				BUNDLE_LOADER = "$(TEST_HOST)";
				COMBINE_HIDPI_IMAGES = YES;
				GENERATE_INFOPLIST_FILE = YES;
				LD_RUNPATH_SEARCH_PATHS = (
					"$(inherited)",
					"@executable_path/../Frameworks",
					"@loader_path/../Frameworks",
				);
				PRODUCT_BUNDLE_IDENTIFIER = dev.zibochen.PulseTests;
				SDKROOT = macosx;
				TEST_HOST = "$(BUILT_PRODUCTS_DIR)/Pulse.app/Contents/MacOS/Pulse";
			};
			name = Debug;
		};
		FA223E74BBF86702C72CD3A8 /* Debug */ = {
			isa = XCBuildConfiguration;
			buildSettings = {
				ALWAYS_SEARCH_USER_PATHS = NO;
				CLANG_ANALYZER_NONNULL = YES;
				CLANG_ANALYZER_NUMBER_OBJECT_CONVERSION = YES_AGGRESSIVE;
				CLANG_CXX_LANGUAGE_STANDARD = "gnu++14";
				CLANG_CXX_LIBRARY = "libc++";
				CLANG_ENABLE_MODULES = YES;
				CLANG_ENABLE_OBJC_ARC = YES;
				CLANG_ENABLE_OBJC_WEAK = YES;
				CLANG_WARN_BLOCK_CAPTURE_AUTORELEASING = YES;
				CLANG_WARN_BOOL_CONVERSION = YES;
				CLANG_WARN_COMMA = YES;
				CLANG_WARN_CONSTANT_CONVERSION = YES;
				CLANG_WARN_DEPRECATED_OBJC_IMPLEMENTATIONS = YES;
				CLANG_WARN_DIRECT_OBJC_ISA_USAGE = YES_ERROR;
				CLANG_WARN_DOCUMENTATION_COMMENTS = YES;
				CLANG_WARN_EMPTY_BODY = YES;
				CLANG_WARN_ENUM_CONVERSION = YES;
				CLANG_WARN_INFINITE_RECURSION = YES;
				CLANG_WARN_INT_CONVERSION = YES;
				CLANG_WARN_NON_LITERAL_NULL_CONVERSION = YES;
				CLANG_WARN_OBJC_IMPLICIT_RETAIN_SELF = YES;
				CLANG_WARN_OBJC_LITERAL_CONVERSION = YES;
				CLANG_WARN_OBJC_ROOT_CLASS = YES_ERROR;
				CLANG_WARN_QUOTED_INCLUDE_IN_FRAMEWORK_HEADER = YES;
				CLANG_WARN_RANGE_LOOP_ANALYSIS = YES;
				CLANG_WARN_STRICT_PROTOTYPES = YES;
				CLANG_WARN_SUSPICIOUS_MOVE = YES;
				CLANG_WARN_UNGUARDED_AVAILABILITY = YES_AGGRESSIVE;
				CLANG_WARN_UNREACHABLE_CODE = YES;
				CLANG_WARN__DUPLICATE_METHOD_MATCH = YES;
				COPY_PHASE_STRIP = NO;
				DEBUG_INFORMATION_FORMAT = dwarf;
				ENABLE_STRICT_OBJC_MSGSEND = YES;
				ENABLE_TESTABILITY = YES;
				GCC_C_LANGUAGE_STANDARD = gnu11;
				GCC_DYNAMIC_NO_PIC = NO;
				GCC_NO_COMMON_BLOCKS = YES;
				GCC_OPTIMIZATION_LEVEL = 0;
				GCC_PREPROCESSOR_DEFINITIONS = (
					"$(inherited)",
					"DEBUG=1",
				);
				GCC_WARN_64_TO_32_BIT_CONVERSION = YES;
				GCC_WARN_ABOUT_RETURN_TYPE = YES_ERROR;
				GCC_WARN_UNDECLARED_SELECTOR = YES;
				GCC_WARN_UNINITIALIZED_AUTOS = YES_AGGRESSIVE;
				GCC_WARN_UNUSED_FUNCTION = YES;
				GCC_WARN_UNUSED_VARIABLE = YES;
				MACOSX_DEPLOYMENT_TARGET = 13.0;
				MTL_ENABLE_DEBUG_INFO = INCLUDE_SOURCE;
				MTL_FAST_MATH = YES;
				ONLY_ACTIVE_ARCH = YES;
				PRODUCT_NAME = "$(TARGET_NAME)";
				SDKROOT = macosx;
				SWIFT_ACTIVE_COMPILATION_CONDITIONS = DEBUG;
				SWIFT_OPTIMIZATION_LEVEL = "-Onone";
				SWIFT_VERSION = 6.0;
			};
			name = Debug;
		};
/* End XCBuildConfiguration section */

/* Begin XCConfigurationList section */
		9608D96881FD5C17BB380FA0 /* Build configuration list for PBXNativeTarget "Pulse" */ = {
			isa = XCConfigurationList;
			buildConfigurations = (
				78CFDB6D85EA0A925D164718 /* Debug */,
				DF81B04A566426AD422B92B3 /* Release */,
			);
			defaultConfigurationIsVisible = 0;
			defaultConfigurationName = Debug;
		};
		AEADBFB0BC46A63478A94A51 /* Build configuration list for PBXProject "Pulse" */ = {
			isa = XCConfigurationList;
			buildConfigurations = (
				FA223E74BBF86702C72CD3A8 /* Debug */,
				2E7048B1817FBF01C246A8F3 /* Release */,
			);
			defaultConfigurationIsVisible = 0;
			defaultConfigurationName = Debug;
		};
		F2F1EA2CB05C310F102D486E /* Build configuration list for PBXNativeTarget "PulseTests" */ = {
			isa = XCConfigurationList;
			buildConfigurations = (
				F4D6E71E3061EE0C8446C127 /* Debug */,
				2269555CAF74F95347158B33 /* Release */,
			);
			defaultConfigurationIsVisible = 0;
			defaultConfigurationName = Debug;
		};
/* End XCConfigurationList section */
	};
	rootObject = 84FEC84833EC6BF77563A3F6 /* Project object */;
}
